
Microsoft Visual Studio Solution File, Format Version 12.00
# Visual Studio Version 17
VisualStudioVersion = 17.6.33801.468
MinimumVisualStudioVersion = 10.0.40219.1
Project("{9A19103F-16F7-4668-BE54-9A1E7A4F7556}") = "DREAMYMVC", "DREAMYMVC\DREAMYMVC.csproj", "{10837696-2FFB-489D-A419-40F82BF3CD17}"
EndProject
Project("{2150E333-8FDC-42A3-9474-1A3956D46DE8}") = "Dreamy.Admin.Mvc", "Dreamy.Admin.Mvc", "{03451899-B141-4464-8C26-F99173E2073D}"
EndProject
Project("{2150E333-8FDC-42A3-9474-1A3956D46DE8}") = "Dreamy.Domain", "Dreamy.Domain", "{AC0BB4B8-7D9C-4D09-96E7-1D86B8B0B90A}"
EndProject
Project("{2150E333-8FDC-42A3-9474-1A3956D46DE8}") = "Dreamy.Common", "Dreamy.Common", "{CCC2253F-1D10-45D6-9AE1-DE3E138C1388}"
EndProject
Project("{2150E333-8FDC-42A3-9474-1A3956D46DE8}") = "Dreamy.Logic", "Dreamy.Logic", "{DB144138-88DC-48C6-A2D7-9469913D1D18}"
EndProject
Project("{2150E333-8FDC-42A3-9474-1A3956D46DE8}") = "Dreamy.Repository", "Dreamy.Repository", "{8D9F8A22-8E81-4EC4-8AAE-EE2B3E8DF625}"
EndProject
Project("{9A19103F-16F7-4668-BE54-9A1E7A4F7556}") = "Dreamy.Repository", "Dreamy.Repository\Dreamy.Repository.csproj", "{CC43D399-E5E9-4BED-8346-4F69B8EC5FF0}"
EndProject
Project("{9A19103F-16F7-4668-BE54-9A1E7A4F7556}") = "Dreamy.Logic", "Dreamy.Logic\Dreamy.Logic.csproj", "{CEABF36C-06E2-4A5C-B7FC-3DEAF6D2A368}"
EndProject
Project("{9A19103F-16F7-4668-BE54-9A1E7A4F7556}") = "Dreamy.Domain", "Dreamy.Domain\Dreamy.Domain.csproj", "{D67ECA9D-FCC2-48F3-A616-42E5200F0D83}"
EndProject
Project("{9A19103F-16F7-4668-BE54-9A1E7A4F7556}") = "Dreamy.Common", "Dreamy.Common\Dreamy.Common.csproj", "{437FC502-61CE-4060-9F2F-9CD271E31A52}"
EndProject
Project("{9A19103F-16F7-4668-BE54-9A1E7A4F7556}") = "Dreamy.Domain.Shared", "Dreamy.Domain.Shared\Dreamy.Domain.Shared.csproj", "{A9544832-7E1E-4136-B1DC-A4305FA32429}"
EndProject
Global
	GlobalSection(SolutionConfigurationPlatforms) = preSolution
		Debug|Any CPU = Debug|Any CPU
		Release|Any CPU = Release|Any CPU
	EndGlobalSection
	GlobalSection(ProjectConfigurationPlatforms) = postSolution
		{10837696-2FFB-489D-A419-40F82BF3CD17}.Debug|Any CPU.ActiveCfg = Debug|Any CPU
		{10837696-2FFB-489D-A419-40F82BF3CD17}.Debug|Any CPU.Build.0 = Debug|Any CPU
		{10837696-2FFB-489D-A419-40F82BF3CD17}.Release|Any CPU.ActiveCfg = Release|Any CPU
		{10837696-2FFB-489D-A419-40F82BF3CD17}.Release|Any CPU.Build.0 = Release|Any CPU
		{CC43D399-E5E9-4BED-8346-4F69B8EC5FF0}.Debug|Any CPU.ActiveCfg = Debug|Any CPU
		{CC43D399-E5E9-4BED-8346-4F69B8EC5FF0}.Debug|Any CPU.Build.0 = Debug|Any CPU
		{CC43D399-E5E9-4BED-8346-4F69B8EC5FF0}.Release|Any CPU.ActiveCfg = Release|Any CPU
		{CC43D399-E5E9-4BED-8346-4F69B8EC5FF0}.Release|Any CPU.Build.0 = Release|Any CPU
		{CEABF36C-06E2-4A5C-B7FC-3DEAF6D2A368}.Debug|Any CPU.ActiveCfg = Debug|Any CPU
		{CEABF36C-06E2-4A5C-B7FC-3DEAF6D2A368}.Debug|Any CPU.Build.0 = Debug|Any CPU
		{CEABF36C-06E2-4A5C-B7FC-3DEAF6D2A368}.Release|Any CPU.ActiveCfg = Release|Any CPU
		{CEABF36C-06E2-4A5C-B7FC-3DEAF6D2A368}.Release|Any CPU.Build.0 = Release|Any CPU
		{D67ECA9D-FCC2-48F3-A616-42E5200F0D83}.Debug|Any CPU.ActiveCfg = Debug|Any CPU
		{D67ECA9D-FCC2-48F3-A616-42E5200F0D83}.Debug|Any CPU.Build.0 = Debug|Any CPU
		{D67ECA9D-FCC2-48F3-A616-42E5200F0D83}.Release|Any CPU.ActiveCfg = Release|Any CPU
		{D67ECA9D-FCC2-48F3-A616-42E5200F0D83}.Release|Any CPU.Build.0 = Release|Any CPU
		{437FC502-61CE-4060-9F2F-9CD271E31A52}.Debug|Any CPU.ActiveCfg = Debug|Any CPU
		{437FC502-61CE-4060-9F2F-9CD271E31A52}.Debug|Any CPU.Build.0 = Debug|Any CPU
		{437FC502-61CE-4060-9F2F-9CD271E31A52}.Release|Any CPU.ActiveCfg = Release|Any CPU
		{437FC502-61CE-4060-9F2F-9CD271E31A52}.Release|Any CPU.Build.0 = Release|Any CPU
		{A9544832-7E1E-4136-B1DC-A4305FA32429}.Debug|Any CPU.ActiveCfg = Debug|Any CPU
		{A9544832-7E1E-4136-B1DC-A4305FA32429}.Debug|Any CPU.Build.0 = Debug|Any CPU
		{A9544832-7E1E-4136-B1DC-A4305FA32429}.Release|Any CPU.ActiveCfg = Release|Any CPU
		{A9544832-7E1E-4136-B1DC-A4305FA32429}.Release|Any CPU.Build.0 = Release|Any CPU
	EndGlobalSection
	GlobalSection(SolutionProperties) = preSolution
		HideSolutionNode = FALSE
	EndGlobalSection
	GlobalSection(NestedProjects) = preSolution
		{10837696-2FFB-489D-A419-40F82BF3CD17} = {03451899-B141-4464-8C26-F99173E2073D}
		{CC43D399-E5E9-4BED-8346-4F69B8EC5FF0} = {8D9F8A22-8E81-4EC4-8AAE-EE2B3E8DF625}
		{CEABF36C-06E2-4A5C-B7FC-3DEAF6D2A368} = {DB144138-88DC-48C6-A2D7-9469913D1D18}
		{D67ECA9D-FCC2-48F3-A616-42E5200F0D83} = {AC0BB4B8-7D9C-4D09-96E7-1D86B8B0B90A}
		{437FC502-61CE-4060-9F2F-9CD271E31A52} = {CCC2253F-1D10-45D6-9AE1-DE3E138C1388}
		{A9544832-7E1E-4136-B1DC-A4305FA32429} = {AC0BB4B8-7D9C-4D09-96E7-1D86B8B0B90A}
	EndGlobalSection
	GlobalSection(ExtensibilityGlobals) = postSolution
		SolutionGuid = {ECFCCD02-6737-4647-AB3D-300B484D5C2B}
	EndGlobalSection
EndGlobal
