
Microsoft Visual Studio Solution File, Format Version 12.00
# Visual Studio Version 17
VisualStudioVersion = 17.6.33801.468
MinimumVisualStudioVersion = 10.0.40219.1
Project("{FAE04EC0-301F-11D3-BF4B-00C04F79EFBC}") = "DREAMYMVC", "DREAMYMVC\DREAMYMVC.csproj", "{10837696-2FFB-489D-A419-40F82BF3CD17}"
EndProject
Global
	GlobalSection(SolutionConfigurationPlatforms) = preSolution
		Debug|Any CPU = Debug|Any CPU
		Release|Any CPU = Release|Any CPU
	EndGlobalSection
	GlobalSection(ProjectConfigurationPlatforms) = postSolution
		{10837696-2FFB-489D-A419-40F82BF3CD17}.Debug|Any CPU.ActiveCfg = Debug|Any CPU
		{10837696-2FFB-489D-A419-40F82BF3CD17}.Debug|Any CPU.Build.0 = Debug|Any CPU
		{10837696-2FFB-489D-A419-40F82BF3CD17}.Release|Any CPU.ActiveCfg = Release|Any CPU
		{10837696-2FFB-489D-A419-40F82BF3CD17}.Release|Any CPU.Build.0 = Release|Any CPU
	EndGlobalSection
	GlobalSection(SolutionProperties) = preSolution
		HideSolutionNode = FALSE
	EndGlobalSection
	GlobalSection(ExtensibilityGlobals) = postSolution
		SolutionGuid = {ECFCCD02-6737-4647-AB3D-300B484D5C2B}
	EndGlobalSection
EndGlobal
