
Microsoft Visual Studio Solution File, Format Version 12.00
# Visual Studio Version 17
VisualStudioVersion = 17.2.32630.192
MinimumVisualStudioVersion = 10.0.40219.1
Project("{2150E333-8FDC-42A3-9474-1A3956D46DE8}") = "Api", "Api", "{F86FA81D-C3E1-4A98-AE8B-E0837FAA2D4B}"
EndProject
Project("{9A19103F-16F7-4668-BE54-9A1E7A4F7556}") = "DreamyShop.Api", "DreamyShop.Api\DreamyShop.Api.csproj", "{3DD07074-FCD8-4F3A-B299-8569B1D3AF93}"
EndProject
Project("{2150E333-8FDC-42A3-9474-1A3956D46DE8}") = "Domain", "Domain", "{B6412C9D-31CE-49E6-B03B-30280E647003}"
EndProject
Project("{9A19103F-16F7-4668-BE54-9A1E7A4F7556}") = "DreamyShop.Domain", "DreamyShop.Domain\DreamyShop.Domain.csproj", "{C297147D-1D35-453D-BCA9-4D97A68EC38B}"
EndProject
Project("{9A19103F-16F7-4668-BE54-9A1E7A4F7556}") = "DreamyShop.Domain.Shared", "DreamyShop.Domain.Shared\DreamyShop.Domain.Shared.csproj", "{C506D8CF-A93F-49FF-95CF-5F458E00EADF}"
EndProject
Project("{2150E333-8FDC-42A3-9474-1A3956D46DE8}") = "Infrastructure", "Infrastructure", "{612EC2E7-B290-4E31-95F4-AEC6DDC5963B}"
EndProject
Project("{9A19103F-16F7-4668-BE54-9A1E7A4F7556}") = "DreamyShop.EntityFrameworkCore", "DreamyShop.Infrastructure\DreamyShop.EntityFrameworkCore.csproj", "{81388CB6-9F2B-4E44-A459-2C935E1F4693}"
EndProject
Project("{2150E333-8FDC-42A3-9474-1A3956D46DE8}") = "Common", "Common", "{D39373E5-06D1-4827-89DB-E380A31C1817}"
EndProject
Project("{2150E333-8FDC-42A3-9474-1A3956D46DE8}") = "Const", "Const", "{B7C89EDA-8540-4EF3-8886-AB0BBC462077}"
EndProject
Project("{2150E333-8FDC-42A3-9474-1A3956D46DE8}") = "Exceptions", "Exceptions", "{1FC44B41-6B1F-4787-A4B9-D5EF86A0D089}"
EndProject
Project("{2150E333-8FDC-42A3-9474-1A3956D46DE8}") = "Log", "Log", "{01CFA10C-F29C-44E2-8EE4-9072D97BEF0B}"
EndProject
Project("{2150E333-8FDC-42A3-9474-1A3956D46DE8}") = "BussinessLogic", "BussinessLogic", "{E48C6916-DE0A-4368-99BF-16AA971535EB}"
EndProject
Project("{FAE04EC0-301F-11D3-BF4B-00C04F79EFBC}") = "DreamyShop.Logic", "DreamyShop.Logic\DreamyShop.Logic.csproj", "{9793DD53-1CD3-479F-BB9B-E9825612A90C}"
EndProject
Project("{2150E333-8FDC-42A3-9474-1A3956D46DE8}") = "Repository", "Repository", "{955BE3A7-8E67-43F6-AE44-C8557532EB13}"
EndProject
Project("{FAE04EC0-301F-11D3-BF4B-00C04F79EFBC}") = "DreamyShop.Repository", "DreamyShop.Repository\DreamyShop.Repository.csproj", "{098B3CCF-3496-4C6A-A816-63EC486A162C}"
EndProject
Global
	GlobalSection(SolutionConfigurationPlatforms) = preSolution
		Debug|Any CPU = Debug|Any CPU
		Release|Any CPU = Release|Any CPU
	EndGlobalSection
	GlobalSection(ProjectConfigurationPlatforms) = postSolution
		{3DD07074-FCD8-4F3A-B299-8569B1D3AF93}.Debug|Any CPU.ActiveCfg = Debug|Any CPU
		{3DD07074-FCD8-4F3A-B299-8569B1D3AF93}.Debug|Any CPU.Build.0 = Debug|Any CPU
		{3DD07074-FCD8-4F3A-B299-8569B1D3AF93}.Release|Any CPU.ActiveCfg = Release|Any CPU
		{3DD07074-FCD8-4F3A-B299-8569B1D3AF93}.Release|Any CPU.Build.0 = Release|Any CPU
		{C297147D-1D35-453D-BCA9-4D97A68EC38B}.Debug|Any CPU.ActiveCfg = Debug|Any CPU
		{C297147D-1D35-453D-BCA9-4D97A68EC38B}.Debug|Any CPU.Build.0 = Debug|Any CPU
		{C297147D-1D35-453D-BCA9-4D97A68EC38B}.Release|Any CPU.ActiveCfg = Release|Any CPU
		{C297147D-1D35-453D-BCA9-4D97A68EC38B}.Release|Any CPU.Build.0 = Release|Any CPU
		{C506D8CF-A93F-49FF-95CF-5F458E00EADF}.Debug|Any CPU.ActiveCfg = Debug|Any CPU
		{C506D8CF-A93F-49FF-95CF-5F458E00EADF}.Debug|Any CPU.Build.0 = Debug|Any CPU
		{C506D8CF-A93F-49FF-95CF-5F458E00EADF}.Release|Any CPU.ActiveCfg = Release|Any CPU
		{C506D8CF-A93F-49FF-95CF-5F458E00EADF}.Release|Any CPU.Build.0 = Release|Any CPU
		{81388CB6-9F2B-4E44-A459-2C935E1F4693}.Debug|Any CPU.ActiveCfg = Debug|Any CPU
		{81388CB6-9F2B-4E44-A459-2C935E1F4693}.Debug|Any CPU.Build.0 = Debug|Any CPU
		{81388CB6-9F2B-4E44-A459-2C935E1F4693}.Release|Any CPU.ActiveCfg = Release|Any CPU
		{81388CB6-9F2B-4E44-A459-2C935E1F4693}.Release|Any CPU.Build.0 = Release|Any CPU
		{9793DD53-1CD3-479F-BB9B-E9825612A90C}.Debug|Any CPU.ActiveCfg = Debug|Any CPU
		{9793DD53-1CD3-479F-BB9B-E9825612A90C}.Debug|Any CPU.Build.0 = Debug|Any CPU
		{9793DD53-1CD3-479F-BB9B-E9825612A90C}.Release|Any CPU.ActiveCfg = Release|Any CPU
		{9793DD53-1CD3-479F-BB9B-E9825612A90C}.Release|Any CPU.Build.0 = Release|Any CPU
		{098B3CCF-3496-4C6A-A816-63EC486A162C}.Debug|Any CPU.ActiveCfg = Debug|Any CPU
		{098B3CCF-3496-4C6A-A816-63EC486A162C}.Debug|Any CPU.Build.0 = Debug|Any CPU
		{098B3CCF-3496-4C6A-A816-63EC486A162C}.Release|Any CPU.ActiveCfg = Release|Any CPU
		{098B3CCF-3496-4C6A-A816-63EC486A162C}.Release|Any CPU.Build.0 = Release|Any CPU
	EndGlobalSection
	GlobalSection(SolutionProperties) = preSolution
		HideSolutionNode = FALSE
	EndGlobalSection
	GlobalSection(NestedProjects) = preSolution
		{3DD07074-FCD8-4F3A-B299-8569B1D3AF93} = {F86FA81D-C3E1-4A98-AE8B-E0837FAA2D4B}
		{C297147D-1D35-453D-BCA9-4D97A68EC38B} = {B6412C9D-31CE-49E6-B03B-30280E647003}
		{C506D8CF-A93F-49FF-95CF-5F458E00EADF} = {B6412C9D-31CE-49E6-B03B-30280E647003}
		{81388CB6-9F2B-4E44-A459-2C935E1F4693} = {612EC2E7-B290-4E31-95F4-AEC6DDC5963B}
		{B7C89EDA-8540-4EF3-8886-AB0BBC462077} = {D39373E5-06D1-4827-89DB-E380A31C1817}
		{1FC44B41-6B1F-4787-A4B9-D5EF86A0D089} = {D39373E5-06D1-4827-89DB-E380A31C1817}
		{01CFA10C-F29C-44E2-8EE4-9072D97BEF0B} = {D39373E5-06D1-4827-89DB-E380A31C1817}
		{9793DD53-1CD3-479F-BB9B-E9825612A90C} = {E48C6916-DE0A-4368-99BF-16AA971535EB}
		{098B3CCF-3496-4C6A-A816-63EC486A162C} = {955BE3A7-8E67-43F6-AE44-C8557532EB13}
	EndGlobalSection
	GlobalSection(ExtensibilityGlobals) = postSolution
		SolutionGuid = {24B0160A-8959-42F5-B056-CDFD184B3AD1}
	EndGlobalSection
EndGlobal
